
Microsoft Visual Studio Solution File, Format Version 12.00
# Visual Studio Version 17
VisualStudioVersion = 17.14.36811.4
MinimumVisualStudioVersion = 10.0.40219.1
Project("{FAE04EC0-301F-11D3-BF4B-00C04F79EFBC}") = "ProfitOrder", "ProfitOrder\ProfitOrder.csproj", "{155BEDCB-29CD-4E3F-AF3C-CF1A35A0A8E0}"
EndProject
Global
	GlobalSection(SolutionConfigurationPlatforms) = preSolution
		Debug|Any CPU = Debug|Any CPU
		Release|Any CPU = Release|Any CPU
	EndGlobalSection
	GlobalSection(ProjectConfigurationPlatforms) = postSolution
		{155BEDCB-29CD-4E3F-AF3C-CF1A35A0A8E0}.Debug|Any CPU.ActiveCfg = Debug|Any CPU
		{155BEDCB-29CD-4E3F-AF3C-CF1A35A0A8E0}.Debug|Any CPU.Build.0 = Debug|Any CPU
		{155BEDCB-29CD-4E3F-AF3C-CF1A35A0A8E0}.Debug|Any CPU.Deploy.0 = Debug|Any CPU
		{155BEDCB-29CD-4E3F-AF3C-CF1A35A0A8E0}.Release|Any CPU.ActiveCfg = Release|Any CPU
		{155BEDCB-29CD-4E3F-AF3C-CF1A35A0A8E0}.Release|Any CPU.Build.0 = Release|Any CPU
	EndGlobalSection
	GlobalSection(SolutionProperties) = preSolution
		HideSolutionNode = FALSE
	EndGlobalSection
	GlobalSection(ExtensibilityGlobals) = postSolution
		SolutionGuid = {B384164C-1379-4159-B6CE-4A3A65D0783C}
	EndGlobalSection
EndGlobal
